
Microsoft Visual Studio Solution File, Format Version 12.00
# Visual Studio Version 17
VisualStudioVersion = 17.2.32505.173
MinimumVisualStudioVersion = 10.0.40219.1
Project("{2150E333-8FDC-42A3-9474-1A3956D46DE8}") = "01 Beispiele aus den Folien", "01 Beispiele aus den Folien", "{AAE283DA-D917-4B9E-8129-3C196FF25D57}"
EndProject
Project("{2150E333-8FDC-42A3-9474-1A3956D46DE8}") = "Kapitel 01 - Einführung in Microsoft .NET", "Kapitel 01 - Einführung in Microsoft .NET", "{C2FA98B6-E45F-45FD-BD07-09196B8B5F4A}"
EndProject
Project("{FAE04EC0-301F-11D3-BF4B-00C04F79EFBC}") = "01_HelloWorld_normal", "01_HelloWorld_normal\01_HelloWorld_normal.csproj", "{E1C428A6-F4C9-45F0-A830-5B9D7EBCCCD0}"
EndProject
Project("{FAE04EC0-301F-11D3-BF4B-00C04F79EFBC}") = "02_HelloWorld_minimal", "02_HelloWorld_minimal\02_HelloWorld_minimal.csproj", "{C3C61967-1CFC-46FA-9A1F-46FC60AE4039}"
EndProject
Project("{FAE04EC0-301F-11D3-BF4B-00C04F79EFBC}") = "03_HelloWorld_full", "03_HelloWorld_full\03_HelloWorld_full.csproj", "{19BE1397-F5E5-4A63-80F4-D280ED823090}"
EndProject
Project("{FAE04EC0-301F-11D3-BF4B-00C04F79EFBC}") = "04_HelloWorld_Argument", "04_HelloWorld_Argument\04_HelloWorld_Argument.csproj", "{E4F63D28-25E8-4B88-B524-0D857D214C43}"
EndProject
Project("{2150E333-8FDC-42A3-9474-1A3956D46DE8}") = "Kapitel 02 - CS-Grundlagen", "Kapitel 02 - CS-Grundlagen", "{A185878E-163A-4C6A-9ED9-1375BD059000}"
EndProject
Project("{2150E333-8FDC-42A3-9474-1A3956D46DE8}") = "Kapitel 03 - OO-Programmierung", "Kapitel 03 - OO-Programmierung", "{AA8EFE2B-5BA9-45A5-BECC-853B4D43A9B6}"
EndProject
Project("{2150E333-8FDC-42A3-9474-1A3956D46DE8}") = "Kapitel 04 - Ausnahmebehandlung", "Kapitel 04 - Ausnahmebehandlung", "{02506A62-B06E-45B5-8794-1F6322114352}"
EndProject
Project("{2150E333-8FDC-42A3-9474-1A3956D46DE8}") = "Kapitel 05 - Methoden", "Kapitel 05 - Methoden", "{50D55901-23B3-420F-B036-9126D0BCA987}"
EndProject
Project("{2150E333-8FDC-42A3-9474-1A3956D46DE8}") = "Kapitel 06 - Collections", "Kapitel 06 - Collections", "{EBADADC9-A4B7-4BC3-836A-136F77D7A124}"
EndProject
Project("{2150E333-8FDC-42A3-9474-1A3956D46DE8}") = "Kapitel 07 - Delegates und Events", "Kapitel 07 - Delegates und Events", "{583C0701-AFD1-4A36-BBCB-664E84190E38}"
EndProject
Project("{2150E333-8FDC-42A3-9474-1A3956D46DE8}") = "Kapitel 08 - Windows Forms", "Kapitel 08 - Windows Forms", "{951AC0EC-6C7B-4300-85C4-25306D3D982F}"
EndProject
Project("{2150E333-8FDC-42A3-9474-1A3956D46DE8}") = "02 Experimente", "02 Experimente", "{2821A86A-8BEE-406D-8482-8F1DAB3360C5}"
EndProject
Project("{2150E333-8FDC-42A3-9474-1A3956D46DE8}") = "03 Hausaufgaben", "03 Hausaufgaben", "{72BC47BE-4106-4A83-92FD-1F1B91087D4D}"
EndProject
Project("{FAE04EC0-301F-11D3-BF4B-00C04F79EFBC}") = "01_Kommentare", "01_Kommentare\01_Kommentare.csproj", "{4F161982-47C7-4A11-8C3D-6272EFBB90F0}"
EndProject
Project("{FAE04EC0-301F-11D3-BF4B-00C04F79EFBC}") = "02_Datentypen", "02_Datentypen\02_Datentypen.csproj", "{DE9CE074-3F2D-4161-A703-8D3B432A9ACA}"
EndProject
Project("{FAE04EC0-301F-11D3-BF4B-00C04F79EFBC}") = "03_Anweisungsblöcke", "03_Anweisungsblöcke\03_Anweisungsblöcke.csproj", "{9AEDA48F-F083-4EBA-B442-A3EE3E4509F5}"
EndProject
Project("{FAE04EC0-301F-11D3-BF4B-00C04F79EFBC}") = "04_Kontrollstrukturen", "04_Kontrollstrukturen\04_Kontrollstrukturen.csproj", "{C2B89EC3-F720-41C5-BD67-769ECBB06D0B}"
EndProject
Project("{FAE04EC0-301F-11D3-BF4B-00C04F79EFBC}") = "05_Konstanten", "05_Konstanten\05_Konstanten.csproj", "{A60A107A-3709-423F-91BF-FE5AF936A46F}"
EndProject
Project("{FAE04EC0-301F-11D3-BF4B-00C04F79EFBC}") = "06_Strings", "06_Strings\06_Strings.csproj", "{A1B10967-CCCE-430A-AD7B-3A1320CBABBE}"
EndProject
Project("{FAE04EC0-301F-11D3-BF4B-00C04F79EFBC}") = "07_KonsolenEingabeUndAusgabe", "07_KonsolenEingabeUndAusgabe\07_KonsolenEingabeUndAusgabe.csproj", "{61147392-BD34-4BE9-89CA-FA350F95958D}"
EndProject
Project("{FAE04EC0-301F-11D3-BF4B-00C04F79EFBC}") = "08_Operatoren", "08_Operatoren\08_Operatoren.csproj", "{38CBBC6E-CFBA-41D1-A857-920253D5CBD4}"
EndProject
Project("{FAE04EC0-301F-11D3-BF4B-00C04F79EFBC}") = "09_NullableTypes", "09_NullableTypes\09_NullableTypes.csproj", "{A9D75083-1DA1-4E27-A7DD-766B0D24CDA6}"
EndProject
Project("{FAE04EC0-301F-11D3-BF4B-00C04F79EFBC}") = "10_Datenfelder", "10_Datenfelder\10_Datenfelder.csproj", "{69B945EC-2C9F-42A1-9A23-47CF35F01EF4}"
EndProject
Project("{FAE04EC0-301F-11D3-BF4B-00C04F79EFBC}") = "11_Enumeratoren", "11_Enumeratoren\11_Enumeratoren.csproj", "{639B7AE6-F278-44AF-8492-427D3B28EDBC}"
EndProject
Project("{FAE04EC0-301F-11D3-BF4B-00C04F79EFBC}") = "12_DateTime", "12_DateTime\12_DateTime.csproj", "{55D841E9-26B7-4274-A149-30E5A384352C}"
EndProject
Project("{FAE04EC0-301F-11D3-BF4B-00C04F79EFBC}") = "13_Structs", "13_Structs\13_Structs.csproj", "{2943D511-37DC-4308-856C-44215B239ADA}"
EndProject
Global
	GlobalSection(SolutionConfigurationPlatforms) = preSolution
		Debug|Any CPU = Debug|Any CPU
		Release|Any CPU = Release|Any CPU
	EndGlobalSection
	GlobalSection(ProjectConfigurationPlatforms) = postSolution
		{E1C428A6-F4C9-45F0-A830-5B9D7EBCCCD0}.Debug|Any CPU.ActiveCfg = Debug|Any CPU
		{E1C428A6-F4C9-45F0-A830-5B9D7EBCCCD0}.Debug|Any CPU.Build.0 = Debug|Any CPU
		{E1C428A6-F4C9-45F0-A830-5B9D7EBCCCD0}.Release|Any CPU.ActiveCfg = Release|Any CPU
		{E1C428A6-F4C9-45F0-A830-5B9D7EBCCCD0}.Release|Any CPU.Build.0 = Release|Any CPU
		{C3C61967-1CFC-46FA-9A1F-46FC60AE4039}.Debug|Any CPU.ActiveCfg = Debug|Any CPU
		{C3C61967-1CFC-46FA-9A1F-46FC60AE4039}.Debug|Any CPU.Build.0 = Debug|Any CPU
		{C3C61967-1CFC-46FA-9A1F-46FC60AE4039}.Release|Any CPU.ActiveCfg = Release|Any CPU
		{C3C61967-1CFC-46FA-9A1F-46FC60AE4039}.Release|Any CPU.Build.0 = Release|Any CPU
		{19BE1397-F5E5-4A63-80F4-D280ED823090}.Debug|Any CPU.ActiveCfg = Debug|Any CPU
		{19BE1397-F5E5-4A63-80F4-D280ED823090}.Debug|Any CPU.Build.0 = Debug|Any CPU
		{19BE1397-F5E5-4A63-80F4-D280ED823090}.Release|Any CPU.ActiveCfg = Release|Any CPU
		{19BE1397-F5E5-4A63-80F4-D280ED823090}.Release|Any CPU.Build.0 = Release|Any CPU
		{E4F63D28-25E8-4B88-B524-0D857D214C43}.Debug|Any CPU.ActiveCfg = Debug|Any CPU
		{E4F63D28-25E8-4B88-B524-0D857D214C43}.Debug|Any CPU.Build.0 = Debug|Any CPU
		{E4F63D28-25E8-4B88-B524-0D857D214C43}.Release|Any CPU.ActiveCfg = Release|Any CPU
		{E4F63D28-25E8-4B88-B524-0D857D214C43}.Release|Any CPU.Build.0 = Release|Any CPU
		{4F161982-47C7-4A11-8C3D-6272EFBB90F0}.Debug|Any CPU.ActiveCfg = Debug|Any CPU
		{4F161982-47C7-4A11-8C3D-6272EFBB90F0}.Debug|Any CPU.Build.0 = Debug|Any CPU
		{4F161982-47C7-4A11-8C3D-6272EFBB90F0}.Release|Any CPU.ActiveCfg = Release|Any CPU
		{4F161982-47C7-4A11-8C3D-6272EFBB90F0}.Release|Any CPU.Build.0 = Release|Any CPU
		{DE9CE074-3F2D-4161-A703-8D3B432A9ACA}.Debug|Any CPU.ActiveCfg = Debug|Any CPU
		{DE9CE074-3F2D-4161-A703-8D3B432A9ACA}.Debug|Any CPU.Build.0 = Debug|Any CPU
		{DE9CE074-3F2D-4161-A703-8D3B432A9ACA}.Release|Any CPU.ActiveCfg = Release|Any CPU
		{DE9CE074-3F2D-4161-A703-8D3B432A9ACA}.Release|Any CPU.Build.0 = Release|Any CPU
		{9AEDA48F-F083-4EBA-B442-A3EE3E4509F5}.Debug|Any CPU.ActiveCfg = Debug|Any CPU
		{9AEDA48F-F083-4EBA-B442-A3EE3E4509F5}.Debug|Any CPU.Build.0 = Debug|Any CPU
		{9AEDA48F-F083-4EBA-B442-A3EE3E4509F5}.Release|Any CPU.ActiveCfg = Release|Any CPU
		{9AEDA48F-F083-4EBA-B442-A3EE3E4509F5}.Release|Any CPU.Build.0 = Release|Any CPU
		{C2B89EC3-F720-41C5-BD67-769ECBB06D0B}.Debug|Any CPU.ActiveCfg = Debug|Any CPU
		{C2B89EC3-F720-41C5-BD67-769ECBB06D0B}.Debug|Any CPU.Build.0 = Debug|Any CPU
		{C2B89EC3-F720-41C5-BD67-769ECBB06D0B}.Release|Any CPU.ActiveCfg = Release|Any CPU
		{C2B89EC3-F720-41C5-BD67-769ECBB06D0B}.Release|Any CPU.Build.0 = Release|Any CPU
		{A60A107A-3709-423F-91BF-FE5AF936A46F}.Debug|Any CPU.ActiveCfg = Debug|Any CPU
		{A60A107A-3709-423F-91BF-FE5AF936A46F}.Debug|Any CPU.Build.0 = Debug|Any CPU
		{A60A107A-3709-423F-91BF-FE5AF936A46F}.Release|Any CPU.ActiveCfg = Release|Any CPU
		{A60A107A-3709-423F-91BF-FE5AF936A46F}.Release|Any CPU.Build.0 = Release|Any CPU
		{A1B10967-CCCE-430A-AD7B-3A1320CBABBE}.Debug|Any CPU.ActiveCfg = Debug|Any CPU
		{A1B10967-CCCE-430A-AD7B-3A1320CBABBE}.Debug|Any CPU.Build.0 = Debug|Any CPU
		{A1B10967-CCCE-430A-AD7B-3A1320CBABBE}.Release|Any CPU.ActiveCfg = Release|Any CPU
		{A1B10967-CCCE-430A-AD7B-3A1320CBABBE}.Release|Any CPU.Build.0 = Release|Any CPU
		{61147392-BD34-4BE9-89CA-FA350F95958D}.Debug|Any CPU.ActiveCfg = Debug|Any CPU
		{61147392-BD34-4BE9-89CA-FA350F95958D}.Debug|Any CPU.Build.0 = Debug|Any CPU
		{61147392-BD34-4BE9-89CA-FA350F95958D}.Release|Any CPU.ActiveCfg = Release|Any CPU
		{61147392-BD34-4BE9-89CA-FA350F95958D}.Release|Any CPU.Build.0 = Release|Any CPU
		{38CBBC6E-CFBA-41D1-A857-920253D5CBD4}.Debug|Any CPU.ActiveCfg = Debug|Any CPU
		{38CBBC6E-CFBA-41D1-A857-920253D5CBD4}.Debug|Any CPU.Build.0 = Debug|Any CPU
		{38CBBC6E-CFBA-41D1-A857-920253D5CBD4}.Release|Any CPU.ActiveCfg = Release|Any CPU
		{38CBBC6E-CFBA-41D1-A857-920253D5CBD4}.Release|Any CPU.Build.0 = Release|Any CPU
		{A9D75083-1DA1-4E27-A7DD-766B0D24CDA6}.Debug|Any CPU.ActiveCfg = Debug|Any CPU
		{A9D75083-1DA1-4E27-A7DD-766B0D24CDA6}.Debug|Any CPU.Build.0 = Debug|Any CPU
		{A9D75083-1DA1-4E27-A7DD-766B0D24CDA6}.Release|Any CPU.ActiveCfg = Release|Any CPU
		{A9D75083-1DA1-4E27-A7DD-766B0D24CDA6}.Release|Any CPU.Build.0 = Release|Any CPU
		{69B945EC-2C9F-42A1-9A23-47CF35F01EF4}.Debug|Any CPU.ActiveCfg = Debug|Any CPU
		{69B945EC-2C9F-42A1-9A23-47CF35F01EF4}.Debug|Any CPU.Build.0 = Debug|Any CPU
		{69B945EC-2C9F-42A1-9A23-47CF35F01EF4}.Release|Any CPU.ActiveCfg = Release|Any CPU
		{69B945EC-2C9F-42A1-9A23-47CF35F01EF4}.Release|Any CPU.Build.0 = Release|Any CPU
		{639B7AE6-F278-44AF-8492-427D3B28EDBC}.Debug|Any CPU.ActiveCfg = Debug|Any CPU
		{639B7AE6-F278-44AF-8492-427D3B28EDBC}.Debug|Any CPU.Build.0 = Debug|Any CPU
		{639B7AE6-F278-44AF-8492-427D3B28EDBC}.Release|Any CPU.ActiveCfg = Release|Any CPU
		{639B7AE6-F278-44AF-8492-427D3B28EDBC}.Release|Any CPU.Build.0 = Release|Any CPU
		{55D841E9-26B7-4274-A149-30E5A384352C}.Debug|Any CPU.ActiveCfg = Debug|Any CPU
		{55D841E9-26B7-4274-A149-30E5A384352C}.Debug|Any CPU.Build.0 = Debug|Any CPU
		{55D841E9-26B7-4274-A149-30E5A384352C}.Release|Any CPU.ActiveCfg = Release|Any CPU
		{55D841E9-26B7-4274-A149-30E5A384352C}.Release|Any CPU.Build.0 = Release|Any CPU
		{2943D511-37DC-4308-856C-44215B239ADA}.Debug|Any CPU.ActiveCfg = Debug|Any CPU
		{2943D511-37DC-4308-856C-44215B239ADA}.Debug|Any CPU.Build.0 = Debug|Any CPU
		{2943D511-37DC-4308-856C-44215B239ADA}.Release|Any CPU.ActiveCfg = Release|Any CPU
		{2943D511-37DC-4308-856C-44215B239ADA}.Release|Any CPU.Build.0 = Release|Any CPU
	EndGlobalSection
	GlobalSection(SolutionProperties) = preSolution
		HideSolutionNode = FALSE
	EndGlobalSection
	GlobalSection(NestedProjects) = preSolution
		{C2FA98B6-E45F-45FD-BD07-09196B8B5F4A} = {AAE283DA-D917-4B9E-8129-3C196FF25D57}
		{E1C428A6-F4C9-45F0-A830-5B9D7EBCCCD0} = {C2FA98B6-E45F-45FD-BD07-09196B8B5F4A}
		{C3C61967-1CFC-46FA-9A1F-46FC60AE4039} = {C2FA98B6-E45F-45FD-BD07-09196B8B5F4A}
		{19BE1397-F5E5-4A63-80F4-D280ED823090} = {C2FA98B6-E45F-45FD-BD07-09196B8B5F4A}
		{E4F63D28-25E8-4B88-B524-0D857D214C43} = {C2FA98B6-E45F-45FD-BD07-09196B8B5F4A}
		{A185878E-163A-4C6A-9ED9-1375BD059000} = {AAE283DA-D917-4B9E-8129-3C196FF25D57}
		{AA8EFE2B-5BA9-45A5-BECC-853B4D43A9B6} = {AAE283DA-D917-4B9E-8129-3C196FF25D57}
		{02506A62-B06E-45B5-8794-1F6322114352} = {AAE283DA-D917-4B9E-8129-3C196FF25D57}
		{50D55901-23B3-420F-B036-9126D0BCA987} = {AAE283DA-D917-4B9E-8129-3C196FF25D57}
		{EBADADC9-A4B7-4BC3-836A-136F77D7A124} = {AAE283DA-D917-4B9E-8129-3C196FF25D57}
		{583C0701-AFD1-4A36-BBCB-664E84190E38} = {AAE283DA-D917-4B9E-8129-3C196FF25D57}
		{951AC0EC-6C7B-4300-85C4-25306D3D982F} = {AAE283DA-D917-4B9E-8129-3C196FF25D57}
		{4F161982-47C7-4A11-8C3D-6272EFBB90F0} = {A185878E-163A-4C6A-9ED9-1375BD059000}
		{DE9CE074-3F2D-4161-A703-8D3B432A9ACA} = {A185878E-163A-4C6A-9ED9-1375BD059000}
		{9AEDA48F-F083-4EBA-B442-A3EE3E4509F5} = {A185878E-163A-4C6A-9ED9-1375BD059000}
		{C2B89EC3-F720-41C5-BD67-769ECBB06D0B} = {A185878E-163A-4C6A-9ED9-1375BD059000}
		{A60A107A-3709-423F-91BF-FE5AF936A46F} = {A185878E-163A-4C6A-9ED9-1375BD059000}
		{A1B10967-CCCE-430A-AD7B-3A1320CBABBE} = {A185878E-163A-4C6A-9ED9-1375BD059000}
		{61147392-BD34-4BE9-89CA-FA350F95958D} = {A185878E-163A-4C6A-9ED9-1375BD059000}
		{38CBBC6E-CFBA-41D1-A857-920253D5CBD4} = {A185878E-163A-4C6A-9ED9-1375BD059000}
		{A9D75083-1DA1-4E27-A7DD-766B0D24CDA6} = {A185878E-163A-4C6A-9ED9-1375BD059000}
		{69B945EC-2C9F-42A1-9A23-47CF35F01EF4} = {A185878E-163A-4C6A-9ED9-1375BD059000}
		{639B7AE6-F278-44AF-8492-427D3B28EDBC} = {A185878E-163A-4C6A-9ED9-1375BD059000}
		{55D841E9-26B7-4274-A149-30E5A384352C} = {A185878E-163A-4C6A-9ED9-1375BD059000}
		{2943D511-37DC-4308-856C-44215B239ADA} = {A185878E-163A-4C6A-9ED9-1375BD059000}
	EndGlobalSection
	GlobalSection(ExtensibilityGlobals) = postSolution
		SolutionGuid = {C7410806-39C5-4726-B62D-3779CE2F3A10}
	EndGlobalSection
EndGlobal
