
Microsoft Visual Studio Solution File, Format Version 12.00
# Visual Studio Version 17
VisualStudioVersion = 17.2.32505.173
MinimumVisualStudioVersion = 10.0.40219.1
Project("{2150E333-8FDC-42A3-9474-1A3956D46DE8}") = "01 Beispiele aus den Folien", "01 Beispiele aus den Folien", "{AAE283DA-D917-4B9E-8129-3C196FF25D57}"
EndProject
Project("{2150E333-8FDC-42A3-9474-1A3956D46DE8}") = "Kapitel 01 - Einführung in Microsoft .NET", "Kapitel 01 - Einführung in Microsoft .NET", "{C2FA98B6-E45F-45FD-BD07-09196B8B5F4A}"
EndProject
Project("{9A19103F-16F7-4668-BE54-9A1E7A4F7556}") = "01_HelloWorld_normal", "01_HelloWorld_normal\01_HelloWorld_normal.csproj", "{E1C428A6-F4C9-45F0-A830-5B9D7EBCCCD0}"
EndProject
Project("{9A19103F-16F7-4668-BE54-9A1E7A4F7556}") = "02_HelloWorld_minimal", "02_HelloWorld_minimal\02_HelloWorld_minimal.csproj", "{C3C61967-1CFC-46FA-9A1F-46FC60AE4039}"
EndProject
Project("{9A19103F-16F7-4668-BE54-9A1E7A4F7556}") = "03_HelloWorld_full", "03_HelloWorld_full\03_HelloWorld_full.csproj", "{19BE1397-F5E5-4A63-80F4-D280ED823090}"
EndProject
Project("{9A19103F-16F7-4668-BE54-9A1E7A4F7556}") = "04_HelloWorld_Argument", "04_HelloWorld_Argument\04_HelloWorld_Argument.csproj", "{E4F63D28-25E8-4B88-B524-0D857D214C43}"
EndProject
Project("{2150E333-8FDC-42A3-9474-1A3956D46DE8}") = "Kapitel 02 - CS-Grundlagen", "Kapitel 02 - CS-Grundlagen", "{A185878E-163A-4C6A-9ED9-1375BD059000}"
EndProject
Project("{2150E333-8FDC-42A3-9474-1A3956D46DE8}") = "Kapitel 03 - OO-Programmierung", "Kapitel 03 - OO-Programmierung", "{AA8EFE2B-5BA9-45A5-BECC-853B4D43A9B6}"
EndProject
Project("{2150E333-8FDC-42A3-9474-1A3956D46DE8}") = "Kapitel 04 - Ausnahmebehandlung", "Kapitel 04 - Ausnahmebehandlung", "{02506A62-B06E-45B5-8794-1F6322114352}"
EndProject
Project("{2150E333-8FDC-42A3-9474-1A3956D46DE8}") = "Kapitel 05 - Methoden", "Kapitel 05 - Methoden", "{50D55901-23B3-420F-B036-9126D0BCA987}"
EndProject
Project("{2150E333-8FDC-42A3-9474-1A3956D46DE8}") = "Kapitel 06 - Collections", "Kapitel 06 - Collections", "{EBADADC9-A4B7-4BC3-836A-136F77D7A124}"
EndProject
Project("{2150E333-8FDC-42A3-9474-1A3956D46DE8}") = "Kapitel 07 - Delegates und Events", "Kapitel 07 - Delegates und Events", "{583C0701-AFD1-4A36-BBCB-664E84190E38}"
EndProject
Project("{2150E333-8FDC-42A3-9474-1A3956D46DE8}") = "Kapitel 08 - Windows Forms", "Kapitel 08 - Windows Forms", "{951AC0EC-6C7B-4300-85C4-25306D3D982F}"
EndProject
Project("{2150E333-8FDC-42A3-9474-1A3956D46DE8}") = "02 Experimente", "02 Experimente", "{2821A86A-8BEE-406D-8482-8F1DAB3360C5}"
EndProject
Project("{2150E333-8FDC-42A3-9474-1A3956D46DE8}") = "03 Hausaufgaben", "03 Hausaufgaben", "{72BC47BE-4106-4A83-92FD-1F1B91087D4D}"
EndProject
Project("{9A19103F-16F7-4668-BE54-9A1E7A4F7556}") = "01_Kommentare", "01_Kommentare\01_Kommentare.csproj", "{4F161982-47C7-4A11-8C3D-6272EFBB90F0}"
EndProject
Project("{9A19103F-16F7-4668-BE54-9A1E7A4F7556}") = "02_Datentypen", "02_Datentypen\02_Datentypen.csproj", "{DE9CE074-3F2D-4161-A703-8D3B432A9ACA}"
EndProject
Project("{9A19103F-16F7-4668-BE54-9A1E7A4F7556}") = "03_Anweisungsblöcke", "03_Anweisungsblöcke\03_Anweisungsblöcke.csproj", "{9AEDA48F-F083-4EBA-B442-A3EE3E4509F5}"
EndProject
Project("{9A19103F-16F7-4668-BE54-9A1E7A4F7556}") = "04_Kontrollstrukturen", "04_Kontrollstrukturen\04_Kontrollstrukturen.csproj", "{C2B89EC3-F720-41C5-BD67-769ECBB06D0B}"
EndProject
Project("{9A19103F-16F7-4668-BE54-9A1E7A4F7556}") = "05_Konstanten", "05_Konstanten\05_Konstanten.csproj", "{A60A107A-3709-423F-91BF-FE5AF936A46F}"
EndProject
Project("{9A19103F-16F7-4668-BE54-9A1E7A4F7556}") = "06_Strings", "06_Strings\06_Strings.csproj", "{A1B10967-CCCE-430A-AD7B-3A1320CBABBE}"
EndProject
Project("{9A19103F-16F7-4668-BE54-9A1E7A4F7556}") = "07_KonsolenEingabeUndAusgabe", "07_KonsolenEingabeUndAusgabe\07_KonsolenEingabeUndAusgabe.csproj", "{61147392-BD34-4BE9-89CA-FA350F95958D}"
EndProject
Project("{9A19103F-16F7-4668-BE54-9A1E7A4F7556}") = "08_Operatoren", "08_Operatoren\08_Operatoren.csproj", "{38CBBC6E-CFBA-41D1-A857-920253D5CBD4}"
EndProject
Project("{9A19103F-16F7-4668-BE54-9A1E7A4F7556}") = "09_NullableTypes", "09_NullableTypes\09_NullableTypes.csproj", "{A9D75083-1DA1-4E27-A7DD-766B0D24CDA6}"
EndProject
Project("{9A19103F-16F7-4668-BE54-9A1E7A4F7556}") = "10_Datenfelder", "10_Datenfelder\10_Datenfelder.csproj", "{69B945EC-2C9F-42A1-9A23-47CF35F01EF4}"
EndProject
Project("{9A19103F-16F7-4668-BE54-9A1E7A4F7556}") = "11_Enumeratoren", "11_Enumeratoren\11_Enumeratoren.csproj", "{639B7AE6-F278-44AF-8492-427D3B28EDBC}"
EndProject
Project("{9A19103F-16F7-4668-BE54-9A1E7A4F7556}") = "12_DateTime", "12_DateTime\12_DateTime.csproj", "{55D841E9-26B7-4274-A149-30E5A384352C}"
EndProject
Project("{9A19103F-16F7-4668-BE54-9A1E7A4F7556}") = "13_Structs", "13_Structs\13_Structs.csproj", "{2943D511-37DC-4308-856C-44215B239ADA}"
EndProject
Project("{9A19103F-16F7-4668-BE54-9A1E7A4F7556}") = "01_Konzept_Abstraktion", "01_Konzept_Abstraktion\01_Konzept_Abstraktion.csproj", "{92AD4E16-335F-4A0F-9D23-EBC13B9777BB}"
EndProject
Project("{9A19103F-16F7-4668-BE54-9A1E7A4F7556}") = "02_Konzept_Kapselung", "02_Konzept_Kapselung\02_Konzept_Kapselung.csproj", "{25687215-25F2-4A77-8640-30D9A8577B25}"
EndProject
Project("{9A19103F-16F7-4668-BE54-9A1E7A4F7556}") = "03_Konzept_Vererbung", "03_Konzept_Vererbung\03_Konzept_Vererbung.csproj", "{419A9DF8-3466-44F7-8178-1EFFACDAA39A}"
EndProject
Project("{9A19103F-16F7-4668-BE54-9A1E7A4F7556}") = "04_Konzept_Polymorphie", "04_Konzept_Polymorphie\04_Konzept_Polymorphie.csproj", "{8ED50F64-7E8B-4505-9D77-FFEE99376B62}"
EndProject
Project("{9A19103F-16F7-4668-BE54-9A1E7A4F7556}") = "05_Namensräume", "05_Namensräume\05_Namensräume.csproj", "{BDC8AE43-684E-4BB9-B739-E8ABB7FAE45A}"
EndProject
Project("{9A19103F-16F7-4668-BE54-9A1E7A4F7556}") = "06_Klassenelemente_Attribute_und_Eigenschaften", "06_Klassenelemente_Attribute_und_Eigenschaften\06_Klassenelemente_Attribute_und_Eigenschaften.csproj", "{B5162E74-43B6-48D5-A87C-8ECCACDD74AA}"
EndProject
Project("{9A19103F-16F7-4668-BE54-9A1E7A4F7556}") = "07_Klassenelemente_Konstruktoren", "07_Klassenelemente_Konstruktoren\07_Klassenelemente_Konstruktoren.csproj", "{C384D5D1-B4B0-482A-97E2-CB1BD1F3042B}"
EndProject
Project("{9A19103F-16F7-4668-BE54-9A1E7A4F7556}") = "08_Klassenelemente_Partielle_Klassen", "08_Klassenelemente_Partielle_Klassen\08_Klassenelemente_Partielle_Klassen.csproj", "{C562A189-2241-476D-8822-0AB8185021B6}"
EndProject
Project("{9A19103F-16F7-4668-BE54-9A1E7A4F7556}") = "09_Klassenelemente_Methoden", "09_Klassenelemente_Methoden\09_Klassenelemente_Methoden.csproj", "{B0431B47-C60E-42C2-A7DD-3FE6F55C24A4}"
EndProject
Project("{9A19103F-16F7-4668-BE54-9A1E7A4F7556}") = "10_Klassenelemente_SichtbarkeitsmodifikatorenAssembly1", "10_Klassenelemente_SichtbarkeitsmodifikatorenAssembly1\10_Klassenelemente_SichtbarkeitsmodifikatorenAssembly1.csproj", "{60ACD69C-A1B8-46FC-980C-64867CB25167}"
EndProject
Project("{9A19103F-16F7-4668-BE54-9A1E7A4F7556}") = "10_Klassenelemente_SichtbarkeitsmodifikatorenAssembly2", "10_Klassenelemente_SichtbarkeitsmodifikatorenAssembly2\10_Klassenelemente_SichtbarkeitsmodifikatorenAssembly2.csproj", "{3B5C2094-0893-4517-9736-82BA094C1E8F}"
EndProject
Project("{9A19103F-16F7-4668-BE54-9A1E7A4F7556}") = "11_Klassenelemente_Destruktor", "11_Klassenelemente_Destruktor\11_Klassenelemente_Destruktor.csproj", "{53F75931-00FC-431F-B10C-8A55FCBED1E7}"
EndProject
Project("{9A19103F-16F7-4668-BE54-9A1E7A4F7556}") = "12_Klassenelemente_Statische_AttributeUndEigenschaften", "12_Klassenelemente_Statische_AttributeUndEigenschaften\12_Klassenelemente_Statische_AttributeUndEigenschaften.csproj", "{1C1F49BE-7356-4772-86FA-DA474A2B18D2}"
EndProject
Project("{9A19103F-16F7-4668-BE54-9A1E7A4F7556}") = "13_Klassenelemente_Statische_Methoden", "13_Klassenelemente_Statische_Methoden\13_Klassenelemente_Statische_Methoden.csproj", "{2740677D-E087-425E-8F80-038B2A75B7AD}"
EndProject
Project("{9A19103F-16F7-4668-BE54-9A1E7A4F7556}") = "14_Klassenelemente_Statischer_Konstruktor", "14_Klassenelemente_Statischer_Konstruktor\14_Klassenelemente_Statischer_Konstruktor.csproj", "{E86FCEF8-A7EB-4F7F-9AB8-BA76025FB818}"
EndProject
Project("{9A19103F-16F7-4668-BE54-9A1E7A4F7556}") = "15_Polymorphie_mit_Vererbung", "15_Polymorphie_mit_Vererbung\15_Polymorphie_mit_Vererbung.csproj", "{F2F66D28-AC35-4075-B14E-D7379AF7CDFF}"
EndProject
Project("{9A19103F-16F7-4668-BE54-9A1E7A4F7556}") = "16_Vererbung_new", "16_Vererbung_new\16_Vererbung_new.csproj", "{5355DCC2-3CC1-4E29-9218-AD462A62B3F1}"
EndProject
Project("{9A19103F-16F7-4668-BE54-9A1E7A4F7556}") = "17_Vererbung_base", "17_Vererbung_base\17_Vererbung_base.csproj", "{95009A25-C38C-4127-8085-7B59CADF567A}"
EndProject
Project("{9A19103F-16F7-4668-BE54-9A1E7A4F7556}") = "18_Vererbung_sealed", "18_Vererbung_sealed\18_Vererbung_sealed.csproj", "{A376C8B7-C87E-40CD-98F2-1A4BF8C4044F}"
EndProject
Project("{9A19103F-16F7-4668-BE54-9A1E7A4F7556}") = "19_Vererbung_verschachtelte_Klassen", "19_Vererbung_verschachtelt_Klassen\19_Vererbung_verschachtelte_Klassen.csproj", "{26F76FED-FFC1-431E-9EF3-18840C59E284}"
EndProject
Project("{9A19103F-16F7-4668-BE54-9A1E7A4F7556}") = "20_Konvertierung", "20_Konvertierung\20_Konvertierung.csproj", "{C88647C0-D6B2-49FA-99BA-BA8C9F37DC96}"
EndProject
Project("{9A19103F-16F7-4668-BE54-9A1E7A4F7556}") = "21_Abstrakte_Klassen", "21_Abstrakte_Klassen\21_Abstrakte_Klassen.csproj", "{59177CE0-6DEE-41BF-A581-1C70C7F71C2F}"
EndProject
Project("{9A19103F-16F7-4668-BE54-9A1E7A4F7556}") = "22_Interfaces", "22_Interfaces\22_Interfaces.csproj", "{33F189B3-7929-4C29-A71B-059EF99D0B76}"
EndProject
Project("{9A19103F-16F7-4668-BE54-9A1E7A4F7556}") = "23_Interface_IComparable", "23_Interface_IComparable\23_Interface_IComparable.csproj", "{854438F1-0098-4683-8CC9-EFF90AA28EBF}"
EndProject
Project("{9A19103F-16F7-4668-BE54-9A1E7A4F7556}") = "24_Interfaces_IDisposable", "24_Interfaces_IDisposable\24_Interfaces_IDisposable.csproj", "{869F5228-CEAB-4468-9EB7-CEF81E3CEC13}"
EndProject
Project("{9A19103F-16F7-4668-BE54-9A1E7A4F7556}") = "01_try_catch", "01_try_catch\01_try_catch.csproj", "{F718D8F2-DA2F-4067-A05A-C9FAFFA7C88B}"
EndProject
Project("{FAE04EC0-301F-11D3-BF4B-00C04F79EFBC}") = "02_throw", "02_throw\02_throw.csproj", "{725F9388-F6FA-44C0-AE54-3D041F2B4A5F}"
EndProject
Project("{FAE04EC0-301F-11D3-BF4B-00C04F79EFBC}") = "03_try_catch_finally", "03_try_catch_finally\03_try_catch_finally.csproj", "{DF3ACA36-0966-46F3-8438-A3697C916185}"
EndProject
Project("{FAE04EC0-301F-11D3-BF4B-00C04F79EFBC}") = "04_Eigene_Exception", "04_Eigene_Exception\04_Eigene_Exception.csproj", "{6591E628-14F9-4C99-A2B3-F405C0A789BC}"
EndProject
Project("{FAE04EC0-301F-11D3-BF4B-00C04F79EFBC}") = "05_checked", "05_checked\05_checked.csproj", "{25863CDD-3230-4C24-AB6B-F34B3BD54D3A}"
EndProject
Project("{FAE04EC0-301F-11D3-BF4B-00C04F79EFBC}") = "06_using_mit_IDisposable", "06_using_mit_IDisposable\06_using_mit_IDisposable.csproj", "{2B69EC0F-7059-4CCB-A5AE-1402822D0F31}"
EndProject
Project("{FAE04EC0-301F-11D3-BF4B-00C04F79EFBC}") = "01_Methoden", "01_Methoden\01_Methoden.csproj", "{2EDAAFBE-132A-4DF3-A667-D16EBA5390D1}"
EndProject
Project("{FAE04EC0-301F-11D3-BF4B-00C04F79EFBC}") = "02_Methoden_überladen", "02_Methoden_überladen\02_Methoden_überladen.csproj", "{A2CF85E4-5EE9-43CB-A502-13AF6F193989}"
EndProject
Project("{FAE04EC0-301F-11D3-BF4B-00C04F79EFBC}") = "03_Methoden_überschreiben", "03_Methoden_überschreiben\03_Methoden_überschreiben.csproj", "{109B5A15-F0C8-4D80-819C-EBFAF1ED4817}"
EndProject
Project("{FAE04EC0-301F-11D3-BF4B-00C04F79EFBC}") = "04_Methoden_params", "04_Methoden_params\04_Methoden_params.csproj", "{5AD27B4B-2D62-4763-87C9-CF1A66E81DCF}"
EndProject
Project("{FAE04EC0-301F-11D3-BF4B-00C04F79EFBC}") = "05_Methoden_Rückgabewerte", "05_Methoden_Rückgabewerte\05_Methoden_Rückgabewerte.csproj", "{D108238E-A088-44F8-B990-EE6B7D6DE18F}"
EndProject
Project("{FAE04EC0-301F-11D3-BF4B-00C04F79EFBC}") = "06_Methoden_statisch", "06_Methoden_statisch\06_Methoden_statisch.csproj", "{52CE2593-D620-4899-B207-C7B5D568F887}"
EndProject
Project("{FAE04EC0-301F-11D3-BF4B-00C04F79EFBC}") = "07_Methoden_mit_benannten_Argumenten", "07_Methoden_mit_benannten_Argumenten\07_Methoden_mit_benannten_Argumenten.csproj", "{48EC41E9-5D50-4470-9DA1-6526312CB6E4}"
EndProject
Project("{FAE04EC0-301F-11D3-BF4B-00C04F79EFBC}") = "08_Methoden_mit_Objektreferenzen", "08_Methoden_mit_Objektreferenzen\08_Methoden_mit_Objektreferenzen.csproj", "{34918141-BF9E-4C5C-9CB4-A47678288CC1}"
EndProject
Project("{FAE04EC0-301F-11D3-BF4B-00C04F79EFBC}") = "09_Methoden_mehrere_Rückgabewerte", "09_Methoden_mehrere_Rückgabewerte\09_Methoden_mehrere_Rückgabewerte.csproj", "{C3C1C85C-01DB-42FB-BEB3-880B4F71A3AD}"
EndProject
Project("{FAE04EC0-301F-11D3-BF4B-00C04F79EFBC}") = "10_Stack_und_Heap", "10_Stack_und_Heap\10_Stack_und_Heap.csproj", "{3AE7EE00-FCB9-4CC1-A90C-EB9955513ED7}"
EndProject
Project("{FAE04EC0-301F-11D3-BF4B-00C04F79EFBC}") = "11_Erweiterungsmethoden", "11_Erweiterungsmethoden\11_Erweiterungsmethoden.csproj", "{0EB4CB80-B892-491E-A056-A50BB2A8BD35}"
EndProject
Project("{2150E333-8FDC-42A3-9474-1A3956D46DE8}") = "Übersichtsdiagramm", "Übersichtsdiagramm", "{5C8EBB57-8826-42EB-9FBF-DA203D9491CF}"
	ProjectSection(SolutionItems) = preProject
		Übersicht Collections.pdf = Übersicht Collections.pdf
	EndProjectSection
EndProject
Project("{FAE04EC0-301F-11D3-BF4B-00C04F79EFBC}") = "01_IEnumerable", "01_IEnumerable\01_IEnumerable.csproj", "{28CC9536-D8E1-4C40-BCE5-C44EB4997136}"
EndProject
Project("{FAE04EC0-301F-11D3-BF4B-00C04F79EFBC}") = "02_ICollection", "02_ICollection\02_ICollection.csproj", "{7B990248-EB0C-4881-BA51-AB0AF121A06F}"
EndProject
Project("{FAE04EC0-301F-11D3-BF4B-00C04F79EFBC}") = "03_IDictionary", "03_IDictionary\03_IDictionary.csproj", "{2BB39E30-FFBF-49D9-ACED-DC863F7F19D8}"
EndProject
Project("{FAE04EC0-301F-11D3-BF4B-00C04F79EFBC}") = "04_IList", "04_IList\04_IList.csproj", "{20D28E02-CCDA-4771-A7E5-A20C8E99F036}"
EndProject
Project("{FAE04EC0-301F-11D3-BF4B-00C04F79EFBC}") = "05_ArrayList", "05_ArrayList\05_ArrayList.csproj", "{5587AE7D-DCED-4B45-BEA9-0A45FEA79646}"
EndProject
Project("{FAE04EC0-301F-11D3-BF4B-00C04F79EFBC}") = "06_BitArray", "06_BitArray\06_BitArray.csproj", "{81B0EBB7-4328-421E-B8E1-A560D83ED967}"
EndProject
Project("{FAE04EC0-301F-11D3-BF4B-00C04F79EFBC}") = "07_Hashtable", "07_Hashtable\07_Hashtable.csproj", "{0CA256E3-AFE7-44AF-9842-CCDF119ECE97}"
EndProject
Project("{FAE04EC0-301F-11D3-BF4B-00C04F79EFBC}") = "08_Queue", "08_Queue\08_Queue.csproj", "{E7BA2EBA-04DD-48F5-BF6A-9ABA0D38F6CC}"
EndProject
Project("{FAE04EC0-301F-11D3-BF4B-00C04F79EFBC}") = "09_Stack", "09_Stack\09_Stack.csproj", "{F2C1F231-4D1A-418B-9D20-6420716B51AF}"
EndProject
Project("{FAE04EC0-301F-11D3-BF4B-00C04F79EFBC}") = "10_SortedList", "10_SortedList\10_SortedList.csproj", "{60AF95B1-7A20-4FA4-AE6C-26C391FD7BD7}"
EndProject
Project("{FAE04EC0-301F-11D3-BF4B-00C04F79EFBC}") = "11_Generics_IList", "11_Generics_IList\11_Generics_IList.csproj", "{6364E2CB-0406-4D21-B749-4FC3A9007A3E}"
EndProject
Project("{FAE04EC0-301F-11D3-BF4B-00C04F79EFBC}") = "12_Generische_Klasse_GenericStack", "12_Generische_Klasse_GenericStack\12_Generische_Klasse_GenericStack.csproj", "{DDCA1555-9D08-40CC-B49E-770CE3852874}"
EndProject
Project("{FAE04EC0-301F-11D3-BF4B-00C04F79EFBC}") = "01_Delegates", "01_Delegates\01_Delegates.csproj", "{D92512E3-C4A4-484A-B42A-A629CCA2E4B7}"
EndProject
Project("{FAE04EC0-301F-11D3-BF4B-00C04F79EFBC}") = "02_Events", "02_Events\02_Events.csproj", "{692568DE-6402-437B-A78D-4266AC581C08}"
EndProject
Global
	GlobalSection(SolutionConfigurationPlatforms) = preSolution
		Debug|Any CPU = Debug|Any CPU
		Release|Any CPU = Release|Any CPU
	EndGlobalSection
	GlobalSection(ProjectConfigurationPlatforms) = postSolution
		{E1C428A6-F4C9-45F0-A830-5B9D7EBCCCD0}.Debug|Any CPU.ActiveCfg = Debug|Any CPU
		{E1C428A6-F4C9-45F0-A830-5B9D7EBCCCD0}.Debug|Any CPU.Build.0 = Debug|Any CPU
		{E1C428A6-F4C9-45F0-A830-5B9D7EBCCCD0}.Release|Any CPU.ActiveCfg = Release|Any CPU
		{E1C428A6-F4C9-45F0-A830-5B9D7EBCCCD0}.Release|Any CPU.Build.0 = Release|Any CPU
		{C3C61967-1CFC-46FA-9A1F-46FC60AE4039}.Debug|Any CPU.ActiveCfg = Debug|Any CPU
		{C3C61967-1CFC-46FA-9A1F-46FC60AE4039}.Debug|Any CPU.Build.0 = Debug|Any CPU
		{C3C61967-1CFC-46FA-9A1F-46FC60AE4039}.Release|Any CPU.ActiveCfg = Release|Any CPU
		{C3C61967-1CFC-46FA-9A1F-46FC60AE4039}.Release|Any CPU.Build.0 = Release|Any CPU
		{19BE1397-F5E5-4A63-80F4-D280ED823090}.Debug|Any CPU.ActiveCfg = Debug|Any CPU
		{19BE1397-F5E5-4A63-80F4-D280ED823090}.Debug|Any CPU.Build.0 = Debug|Any CPU
		{19BE1397-F5E5-4A63-80F4-D280ED823090}.Release|Any CPU.ActiveCfg = Release|Any CPU
		{19BE1397-F5E5-4A63-80F4-D280ED823090}.Release|Any CPU.Build.0 = Release|Any CPU
		{E4F63D28-25E8-4B88-B524-0D857D214C43}.Debug|Any CPU.ActiveCfg = Debug|Any CPU
		{E4F63D28-25E8-4B88-B524-0D857D214C43}.Debug|Any CPU.Build.0 = Debug|Any CPU
		{E4F63D28-25E8-4B88-B524-0D857D214C43}.Release|Any CPU.ActiveCfg = Release|Any CPU
		{E4F63D28-25E8-4B88-B524-0D857D214C43}.Release|Any CPU.Build.0 = Release|Any CPU
		{4F161982-47C7-4A11-8C3D-6272EFBB90F0}.Debug|Any CPU.ActiveCfg = Debug|Any CPU
		{4F161982-47C7-4A11-8C3D-6272EFBB90F0}.Debug|Any CPU.Build.0 = Debug|Any CPU
		{4F161982-47C7-4A11-8C3D-6272EFBB90F0}.Release|Any CPU.ActiveCfg = Release|Any CPU
		{4F161982-47C7-4A11-8C3D-6272EFBB90F0}.Release|Any CPU.Build.0 = Release|Any CPU
		{DE9CE074-3F2D-4161-A703-8D3B432A9ACA}.Debug|Any CPU.ActiveCfg = Debug|Any CPU
		{DE9CE074-3F2D-4161-A703-8D3B432A9ACA}.Debug|Any CPU.Build.0 = Debug|Any CPU
		{DE9CE074-3F2D-4161-A703-8D3B432A9ACA}.Release|Any CPU.ActiveCfg = Release|Any CPU
		{DE9CE074-3F2D-4161-A703-8D3B432A9ACA}.Release|Any CPU.Build.0 = Release|Any CPU
		{9AEDA48F-F083-4EBA-B442-A3EE3E4509F5}.Debug|Any CPU.ActiveCfg = Debug|Any CPU
		{9AEDA48F-F083-4EBA-B442-A3EE3E4509F5}.Debug|Any CPU.Build.0 = Debug|Any CPU
		{9AEDA48F-F083-4EBA-B442-A3EE3E4509F5}.Release|Any CPU.ActiveCfg = Release|Any CPU
		{9AEDA48F-F083-4EBA-B442-A3EE3E4509F5}.Release|Any CPU.Build.0 = Release|Any CPU
		{C2B89EC3-F720-41C5-BD67-769ECBB06D0B}.Debug|Any CPU.ActiveCfg = Debug|Any CPU
		{C2B89EC3-F720-41C5-BD67-769ECBB06D0B}.Debug|Any CPU.Build.0 = Debug|Any CPU
		{C2B89EC3-F720-41C5-BD67-769ECBB06D0B}.Release|Any CPU.ActiveCfg = Release|Any CPU
		{C2B89EC3-F720-41C5-BD67-769ECBB06D0B}.Release|Any CPU.Build.0 = Release|Any CPU
		{A60A107A-3709-423F-91BF-FE5AF936A46F}.Debug|Any CPU.ActiveCfg = Debug|Any CPU
		{A60A107A-3709-423F-91BF-FE5AF936A46F}.Debug|Any CPU.Build.0 = Debug|Any CPU
		{A60A107A-3709-423F-91BF-FE5AF936A46F}.Release|Any CPU.ActiveCfg = Release|Any CPU
		{A60A107A-3709-423F-91BF-FE5AF936A46F}.Release|Any CPU.Build.0 = Release|Any CPU
		{A1B10967-CCCE-430A-AD7B-3A1320CBABBE}.Debug|Any CPU.ActiveCfg = Debug|Any CPU
		{A1B10967-CCCE-430A-AD7B-3A1320CBABBE}.Debug|Any CPU.Build.0 = Debug|Any CPU
		{A1B10967-CCCE-430A-AD7B-3A1320CBABBE}.Release|Any CPU.ActiveCfg = Release|Any CPU
		{A1B10967-CCCE-430A-AD7B-3A1320CBABBE}.Release|Any CPU.Build.0 = Release|Any CPU
		{61147392-BD34-4BE9-89CA-FA350F95958D}.Debug|Any CPU.ActiveCfg = Debug|Any CPU
		{61147392-BD34-4BE9-89CA-FA350F95958D}.Debug|Any CPU.Build.0 = Debug|Any CPU
		{61147392-BD34-4BE9-89CA-FA350F95958D}.Release|Any CPU.ActiveCfg = Release|Any CPU
		{61147392-BD34-4BE9-89CA-FA350F95958D}.Release|Any CPU.Build.0 = Release|Any CPU
		{38CBBC6E-CFBA-41D1-A857-920253D5CBD4}.Debug|Any CPU.ActiveCfg = Debug|Any CPU
		{38CBBC6E-CFBA-41D1-A857-920253D5CBD4}.Debug|Any CPU.Build.0 = Debug|Any CPU
		{38CBBC6E-CFBA-41D1-A857-920253D5CBD4}.Release|Any CPU.ActiveCfg = Release|Any CPU
		{38CBBC6E-CFBA-41D1-A857-920253D5CBD4}.Release|Any CPU.Build.0 = Release|Any CPU
		{A9D75083-1DA1-4E27-A7DD-766B0D24CDA6}.Debug|Any CPU.ActiveCfg = Debug|Any CPU
		{A9D75083-1DA1-4E27-A7DD-766B0D24CDA6}.Debug|Any CPU.Build.0 = Debug|Any CPU
		{A9D75083-1DA1-4E27-A7DD-766B0D24CDA6}.Release|Any CPU.ActiveCfg = Release|Any CPU
		{A9D75083-1DA1-4E27-A7DD-766B0D24CDA6}.Release|Any CPU.Build.0 = Release|Any CPU
		{69B945EC-2C9F-42A1-9A23-47CF35F01EF4}.Debug|Any CPU.ActiveCfg = Debug|Any CPU
		{69B945EC-2C9F-42A1-9A23-47CF35F01EF4}.Debug|Any CPU.Build.0 = Debug|Any CPU
		{69B945EC-2C9F-42A1-9A23-47CF35F01EF4}.Release|Any CPU.ActiveCfg = Release|Any CPU
		{69B945EC-2C9F-42A1-9A23-47CF35F01EF4}.Release|Any CPU.Build.0 = Release|Any CPU
		{639B7AE6-F278-44AF-8492-427D3B28EDBC}.Debug|Any CPU.ActiveCfg = Debug|Any CPU
		{639B7AE6-F278-44AF-8492-427D3B28EDBC}.Debug|Any CPU.Build.0 = Debug|Any CPU
		{639B7AE6-F278-44AF-8492-427D3B28EDBC}.Release|Any CPU.ActiveCfg = Release|Any CPU
		{639B7AE6-F278-44AF-8492-427D3B28EDBC}.Release|Any CPU.Build.0 = Release|Any CPU
		{55D841E9-26B7-4274-A149-30E5A384352C}.Debug|Any CPU.ActiveCfg = Debug|Any CPU
		{55D841E9-26B7-4274-A149-30E5A384352C}.Debug|Any CPU.Build.0 = Debug|Any CPU
		{55D841E9-26B7-4274-A149-30E5A384352C}.Release|Any CPU.ActiveCfg = Release|Any CPU
		{55D841E9-26B7-4274-A149-30E5A384352C}.Release|Any CPU.Build.0 = Release|Any CPU
		{2943D511-37DC-4308-856C-44215B239ADA}.Debug|Any CPU.ActiveCfg = Debug|Any CPU
		{2943D511-37DC-4308-856C-44215B239ADA}.Debug|Any CPU.Build.0 = Debug|Any CPU
		{2943D511-37DC-4308-856C-44215B239ADA}.Release|Any CPU.ActiveCfg = Release|Any CPU
		{2943D511-37DC-4308-856C-44215B239ADA}.Release|Any CPU.Build.0 = Release|Any CPU
		{92AD4E16-335F-4A0F-9D23-EBC13B9777BB}.Debug|Any CPU.ActiveCfg = Debug|Any CPU
		{92AD4E16-335F-4A0F-9D23-EBC13B9777BB}.Debug|Any CPU.Build.0 = Debug|Any CPU
		{92AD4E16-335F-4A0F-9D23-EBC13B9777BB}.Release|Any CPU.ActiveCfg = Release|Any CPU
		{92AD4E16-335F-4A0F-9D23-EBC13B9777BB}.Release|Any CPU.Build.0 = Release|Any CPU
		{25687215-25F2-4A77-8640-30D9A8577B25}.Debug|Any CPU.ActiveCfg = Debug|Any CPU
		{25687215-25F2-4A77-8640-30D9A8577B25}.Debug|Any CPU.Build.0 = Debug|Any CPU
		{25687215-25F2-4A77-8640-30D9A8577B25}.Release|Any CPU.ActiveCfg = Release|Any CPU
		{25687215-25F2-4A77-8640-30D9A8577B25}.Release|Any CPU.Build.0 = Release|Any CPU
		{419A9DF8-3466-44F7-8178-1EFFACDAA39A}.Debug|Any CPU.ActiveCfg = Debug|Any CPU
		{419A9DF8-3466-44F7-8178-1EFFACDAA39A}.Debug|Any CPU.Build.0 = Debug|Any CPU
		{419A9DF8-3466-44F7-8178-1EFFACDAA39A}.Release|Any CPU.ActiveCfg = Release|Any CPU
		{419A9DF8-3466-44F7-8178-1EFFACDAA39A}.Release|Any CPU.Build.0 = Release|Any CPU
		{8ED50F64-7E8B-4505-9D77-FFEE99376B62}.Debug|Any CPU.ActiveCfg = Debug|Any CPU
		{8ED50F64-7E8B-4505-9D77-FFEE99376B62}.Debug|Any CPU.Build.0 = Debug|Any CPU
		{8ED50F64-7E8B-4505-9D77-FFEE99376B62}.Release|Any CPU.ActiveCfg = Release|Any CPU
		{8ED50F64-7E8B-4505-9D77-FFEE99376B62}.Release|Any CPU.Build.0 = Release|Any CPU
		{BDC8AE43-684E-4BB9-B739-E8ABB7FAE45A}.Debug|Any CPU.ActiveCfg = Debug|Any CPU
		{BDC8AE43-684E-4BB9-B739-E8ABB7FAE45A}.Debug|Any CPU.Build.0 = Debug|Any CPU
		{BDC8AE43-684E-4BB9-B739-E8ABB7FAE45A}.Release|Any CPU.ActiveCfg = Release|Any CPU
		{BDC8AE43-684E-4BB9-B739-E8ABB7FAE45A}.Release|Any CPU.Build.0 = Release|Any CPU
		{B5162E74-43B6-48D5-A87C-8ECCACDD74AA}.Debug|Any CPU.ActiveCfg = Debug|Any CPU
		{B5162E74-43B6-48D5-A87C-8ECCACDD74AA}.Debug|Any CPU.Build.0 = Debug|Any CPU
		{B5162E74-43B6-48D5-A87C-8ECCACDD74AA}.Release|Any CPU.ActiveCfg = Release|Any CPU
		{B5162E74-43B6-48D5-A87C-8ECCACDD74AA}.Release|Any CPU.Build.0 = Release|Any CPU
		{C384D5D1-B4B0-482A-97E2-CB1BD1F3042B}.Debug|Any CPU.ActiveCfg = Debug|Any CPU
		{C384D5D1-B4B0-482A-97E2-CB1BD1F3042B}.Debug|Any CPU.Build.0 = Debug|Any CPU
		{C384D5D1-B4B0-482A-97E2-CB1BD1F3042B}.Release|Any CPU.ActiveCfg = Release|Any CPU
		{C384D5D1-B4B0-482A-97E2-CB1BD1F3042B}.Release|Any CPU.Build.0 = Release|Any CPU
		{C562A189-2241-476D-8822-0AB8185021B6}.Debug|Any CPU.ActiveCfg = Debug|Any CPU
		{C562A189-2241-476D-8822-0AB8185021B6}.Debug|Any CPU.Build.0 = Debug|Any CPU
		{C562A189-2241-476D-8822-0AB8185021B6}.Release|Any CPU.ActiveCfg = Release|Any CPU
		{C562A189-2241-476D-8822-0AB8185021B6}.Release|Any CPU.Build.0 = Release|Any CPU
		{B0431B47-C60E-42C2-A7DD-3FE6F55C24A4}.Debug|Any CPU.ActiveCfg = Debug|Any CPU
		{B0431B47-C60E-42C2-A7DD-3FE6F55C24A4}.Debug|Any CPU.Build.0 = Debug|Any CPU
		{B0431B47-C60E-42C2-A7DD-3FE6F55C24A4}.Release|Any CPU.ActiveCfg = Release|Any CPU
		{B0431B47-C60E-42C2-A7DD-3FE6F55C24A4}.Release|Any CPU.Build.0 = Release|Any CPU
		{60ACD69C-A1B8-46FC-980C-64867CB25167}.Debug|Any CPU.ActiveCfg = Debug|Any CPU
		{60ACD69C-A1B8-46FC-980C-64867CB25167}.Debug|Any CPU.Build.0 = Debug|Any CPU
		{60ACD69C-A1B8-46FC-980C-64867CB25167}.Release|Any CPU.ActiveCfg = Release|Any CPU
		{60ACD69C-A1B8-46FC-980C-64867CB25167}.Release|Any CPU.Build.0 = Release|Any CPU
		{3B5C2094-0893-4517-9736-82BA094C1E8F}.Debug|Any CPU.ActiveCfg = Debug|Any CPU
		{3B5C2094-0893-4517-9736-82BA094C1E8F}.Debug|Any CPU.Build.0 = Debug|Any CPU
		{3B5C2094-0893-4517-9736-82BA094C1E8F}.Release|Any CPU.ActiveCfg = Release|Any CPU
		{3B5C2094-0893-4517-9736-82BA094C1E8F}.Release|Any CPU.Build.0 = Release|Any CPU
		{53F75931-00FC-431F-B10C-8A55FCBED1E7}.Debug|Any CPU.ActiveCfg = Debug|Any CPU
		{53F75931-00FC-431F-B10C-8A55FCBED1E7}.Debug|Any CPU.Build.0 = Debug|Any CPU
		{53F75931-00FC-431F-B10C-8A55FCBED1E7}.Release|Any CPU.ActiveCfg = Release|Any CPU
		{53F75931-00FC-431F-B10C-8A55FCBED1E7}.Release|Any CPU.Build.0 = Release|Any CPU
		{1C1F49BE-7356-4772-86FA-DA474A2B18D2}.Debug|Any CPU.ActiveCfg = Debug|Any CPU
		{1C1F49BE-7356-4772-86FA-DA474A2B18D2}.Debug|Any CPU.Build.0 = Debug|Any CPU
		{1C1F49BE-7356-4772-86FA-DA474A2B18D2}.Release|Any CPU.ActiveCfg = Release|Any CPU
		{1C1F49BE-7356-4772-86FA-DA474A2B18D2}.Release|Any CPU.Build.0 = Release|Any CPU
		{2740677D-E087-425E-8F80-038B2A75B7AD}.Debug|Any CPU.ActiveCfg = Debug|Any CPU
		{2740677D-E087-425E-8F80-038B2A75B7AD}.Debug|Any CPU.Build.0 = Debug|Any CPU
		{2740677D-E087-425E-8F80-038B2A75B7AD}.Release|Any CPU.ActiveCfg = Release|Any CPU
		{2740677D-E087-425E-8F80-038B2A75B7AD}.Release|Any CPU.Build.0 = Release|Any CPU
		{E86FCEF8-A7EB-4F7F-9AB8-BA76025FB818}.Debug|Any CPU.ActiveCfg = Debug|Any CPU
		{E86FCEF8-A7EB-4F7F-9AB8-BA76025FB818}.Debug|Any CPU.Build.0 = Debug|Any CPU
		{E86FCEF8-A7EB-4F7F-9AB8-BA76025FB818}.Release|Any CPU.ActiveCfg = Release|Any CPU
		{E86FCEF8-A7EB-4F7F-9AB8-BA76025FB818}.Release|Any CPU.Build.0 = Release|Any CPU
		{F2F66D28-AC35-4075-B14E-D7379AF7CDFF}.Debug|Any CPU.ActiveCfg = Debug|Any CPU
		{F2F66D28-AC35-4075-B14E-D7379AF7CDFF}.Debug|Any CPU.Build.0 = Debug|Any CPU
		{F2F66D28-AC35-4075-B14E-D7379AF7CDFF}.Release|Any CPU.ActiveCfg = Release|Any CPU
		{F2F66D28-AC35-4075-B14E-D7379AF7CDFF}.Release|Any CPU.Build.0 = Release|Any CPU
		{5355DCC2-3CC1-4E29-9218-AD462A62B3F1}.Debug|Any CPU.ActiveCfg = Debug|Any CPU
		{5355DCC2-3CC1-4E29-9218-AD462A62B3F1}.Debug|Any CPU.Build.0 = Debug|Any CPU
		{5355DCC2-3CC1-4E29-9218-AD462A62B3F1}.Release|Any CPU.ActiveCfg = Release|Any CPU
		{5355DCC2-3CC1-4E29-9218-AD462A62B3F1}.Release|Any CPU.Build.0 = Release|Any CPU
		{95009A25-C38C-4127-8085-7B59CADF567A}.Debug|Any CPU.ActiveCfg = Debug|Any CPU
		{95009A25-C38C-4127-8085-7B59CADF567A}.Debug|Any CPU.Build.0 = Debug|Any CPU
		{95009A25-C38C-4127-8085-7B59CADF567A}.Release|Any CPU.ActiveCfg = Release|Any CPU
		{95009A25-C38C-4127-8085-7B59CADF567A}.Release|Any CPU.Build.0 = Release|Any CPU
		{A376C8B7-C87E-40CD-98F2-1A4BF8C4044F}.Debug|Any CPU.ActiveCfg = Debug|Any CPU
		{A376C8B7-C87E-40CD-98F2-1A4BF8C4044F}.Debug|Any CPU.Build.0 = Debug|Any CPU
		{A376C8B7-C87E-40CD-98F2-1A4BF8C4044F}.Release|Any CPU.ActiveCfg = Release|Any CPU
		{A376C8B7-C87E-40CD-98F2-1A4BF8C4044F}.Release|Any CPU.Build.0 = Release|Any CPU
		{26F76FED-FFC1-431E-9EF3-18840C59E284}.Debug|Any CPU.ActiveCfg = Debug|Any CPU
		{26F76FED-FFC1-431E-9EF3-18840C59E284}.Debug|Any CPU.Build.0 = Debug|Any CPU
		{26F76FED-FFC1-431E-9EF3-18840C59E284}.Release|Any CPU.ActiveCfg = Release|Any CPU
		{26F76FED-FFC1-431E-9EF3-18840C59E284}.Release|Any CPU.Build.0 = Release|Any CPU
		{C88647C0-D6B2-49FA-99BA-BA8C9F37DC96}.Debug|Any CPU.ActiveCfg = Debug|Any CPU
		{C88647C0-D6B2-49FA-99BA-BA8C9F37DC96}.Debug|Any CPU.Build.0 = Debug|Any CPU
		{C88647C0-D6B2-49FA-99BA-BA8C9F37DC96}.Release|Any CPU.ActiveCfg = Release|Any CPU
		{C88647C0-D6B2-49FA-99BA-BA8C9F37DC96}.Release|Any CPU.Build.0 = Release|Any CPU
		{59177CE0-6DEE-41BF-A581-1C70C7F71C2F}.Debug|Any CPU.ActiveCfg = Debug|Any CPU
		{59177CE0-6DEE-41BF-A581-1C70C7F71C2F}.Debug|Any CPU.Build.0 = Debug|Any CPU
		{59177CE0-6DEE-41BF-A581-1C70C7F71C2F}.Release|Any CPU.ActiveCfg = Release|Any CPU
		{59177CE0-6DEE-41BF-A581-1C70C7F71C2F}.Release|Any CPU.Build.0 = Release|Any CPU
		{33F189B3-7929-4C29-A71B-059EF99D0B76}.Debug|Any CPU.ActiveCfg = Debug|Any CPU
		{33F189B3-7929-4C29-A71B-059EF99D0B76}.Debug|Any CPU.Build.0 = Debug|Any CPU
		{33F189B3-7929-4C29-A71B-059EF99D0B76}.Release|Any CPU.ActiveCfg = Release|Any CPU
		{33F189B3-7929-4C29-A71B-059EF99D0B76}.Release|Any CPU.Build.0 = Release|Any CPU
		{854438F1-0098-4683-8CC9-EFF90AA28EBF}.Debug|Any CPU.ActiveCfg = Debug|Any CPU
		{854438F1-0098-4683-8CC9-EFF90AA28EBF}.Debug|Any CPU.Build.0 = Debug|Any CPU
		{854438F1-0098-4683-8CC9-EFF90AA28EBF}.Release|Any CPU.ActiveCfg = Release|Any CPU
		{854438F1-0098-4683-8CC9-EFF90AA28EBF}.Release|Any CPU.Build.0 = Release|Any CPU
		{869F5228-CEAB-4468-9EB7-CEF81E3CEC13}.Debug|Any CPU.ActiveCfg = Debug|Any CPU
		{869F5228-CEAB-4468-9EB7-CEF81E3CEC13}.Debug|Any CPU.Build.0 = Debug|Any CPU
		{869F5228-CEAB-4468-9EB7-CEF81E3CEC13}.Release|Any CPU.ActiveCfg = Release|Any CPU
		{869F5228-CEAB-4468-9EB7-CEF81E3CEC13}.Release|Any CPU.Build.0 = Release|Any CPU
		{F718D8F2-DA2F-4067-A05A-C9FAFFA7C88B}.Debug|Any CPU.ActiveCfg = Debug|Any CPU
		{F718D8F2-DA2F-4067-A05A-C9FAFFA7C88B}.Debug|Any CPU.Build.0 = Debug|Any CPU
		{F718D8F2-DA2F-4067-A05A-C9FAFFA7C88B}.Release|Any CPU.ActiveCfg = Release|Any CPU
		{F718D8F2-DA2F-4067-A05A-C9FAFFA7C88B}.Release|Any CPU.Build.0 = Release|Any CPU
		{725F9388-F6FA-44C0-AE54-3D041F2B4A5F}.Debug|Any CPU.ActiveCfg = Debug|Any CPU
		{725F9388-F6FA-44C0-AE54-3D041F2B4A5F}.Debug|Any CPU.Build.0 = Debug|Any CPU
		{725F9388-F6FA-44C0-AE54-3D041F2B4A5F}.Release|Any CPU.ActiveCfg = Release|Any CPU
		{725F9388-F6FA-44C0-AE54-3D041F2B4A5F}.Release|Any CPU.Build.0 = Release|Any CPU
		{DF3ACA36-0966-46F3-8438-A3697C916185}.Debug|Any CPU.ActiveCfg = Debug|Any CPU
		{DF3ACA36-0966-46F3-8438-A3697C916185}.Debug|Any CPU.Build.0 = Debug|Any CPU
		{DF3ACA36-0966-46F3-8438-A3697C916185}.Release|Any CPU.ActiveCfg = Release|Any CPU
		{DF3ACA36-0966-46F3-8438-A3697C916185}.Release|Any CPU.Build.0 = Release|Any CPU
		{6591E628-14F9-4C99-A2B3-F405C0A789BC}.Debug|Any CPU.ActiveCfg = Debug|Any CPU
		{6591E628-14F9-4C99-A2B3-F405C0A789BC}.Debug|Any CPU.Build.0 = Debug|Any CPU
		{6591E628-14F9-4C99-A2B3-F405C0A789BC}.Release|Any CPU.ActiveCfg = Release|Any CPU
		{6591E628-14F9-4C99-A2B3-F405C0A789BC}.Release|Any CPU.Build.0 = Release|Any CPU
		{25863CDD-3230-4C24-AB6B-F34B3BD54D3A}.Debug|Any CPU.ActiveCfg = Debug|Any CPU
		{25863CDD-3230-4C24-AB6B-F34B3BD54D3A}.Debug|Any CPU.Build.0 = Debug|Any CPU
		{25863CDD-3230-4C24-AB6B-F34B3BD54D3A}.Release|Any CPU.ActiveCfg = Release|Any CPU
		{25863CDD-3230-4C24-AB6B-F34B3BD54D3A}.Release|Any CPU.Build.0 = Release|Any CPU
		{2B69EC0F-7059-4CCB-A5AE-1402822D0F31}.Debug|Any CPU.ActiveCfg = Debug|Any CPU
		{2B69EC0F-7059-4CCB-A5AE-1402822D0F31}.Debug|Any CPU.Build.0 = Debug|Any CPU
		{2B69EC0F-7059-4CCB-A5AE-1402822D0F31}.Release|Any CPU.ActiveCfg = Release|Any CPU
		{2B69EC0F-7059-4CCB-A5AE-1402822D0F31}.Release|Any CPU.Build.0 = Release|Any CPU
		{2EDAAFBE-132A-4DF3-A667-D16EBA5390D1}.Debug|Any CPU.ActiveCfg = Debug|Any CPU
		{2EDAAFBE-132A-4DF3-A667-D16EBA5390D1}.Debug|Any CPU.Build.0 = Debug|Any CPU
		{2EDAAFBE-132A-4DF3-A667-D16EBA5390D1}.Release|Any CPU.ActiveCfg = Release|Any CPU
		{2EDAAFBE-132A-4DF3-A667-D16EBA5390D1}.Release|Any CPU.Build.0 = Release|Any CPU
		{A2CF85E4-5EE9-43CB-A502-13AF6F193989}.Debug|Any CPU.ActiveCfg = Debug|Any CPU
		{A2CF85E4-5EE9-43CB-A502-13AF6F193989}.Debug|Any CPU.Build.0 = Debug|Any CPU
		{A2CF85E4-5EE9-43CB-A502-13AF6F193989}.Release|Any CPU.ActiveCfg = Release|Any CPU
		{A2CF85E4-5EE9-43CB-A502-13AF6F193989}.Release|Any CPU.Build.0 = Release|Any CPU
		{109B5A15-F0C8-4D80-819C-EBFAF1ED4817}.Debug|Any CPU.ActiveCfg = Debug|Any CPU
		{109B5A15-F0C8-4D80-819C-EBFAF1ED4817}.Debug|Any CPU.Build.0 = Debug|Any CPU
		{109B5A15-F0C8-4D80-819C-EBFAF1ED4817}.Release|Any CPU.ActiveCfg = Release|Any CPU
		{109B5A15-F0C8-4D80-819C-EBFAF1ED4817}.Release|Any CPU.Build.0 = Release|Any CPU
		{5AD27B4B-2D62-4763-87C9-CF1A66E81DCF}.Debug|Any CPU.ActiveCfg = Debug|Any CPU
		{5AD27B4B-2D62-4763-87C9-CF1A66E81DCF}.Debug|Any CPU.Build.0 = Debug|Any CPU
		{5AD27B4B-2D62-4763-87C9-CF1A66E81DCF}.Release|Any CPU.ActiveCfg = Release|Any CPU
		{5AD27B4B-2D62-4763-87C9-CF1A66E81DCF}.Release|Any CPU.Build.0 = Release|Any CPU
		{D108238E-A088-44F8-B990-EE6B7D6DE18F}.Debug|Any CPU.ActiveCfg = Debug|Any CPU
		{D108238E-A088-44F8-B990-EE6B7D6DE18F}.Debug|Any CPU.Build.0 = Debug|Any CPU
		{D108238E-A088-44F8-B990-EE6B7D6DE18F}.Release|Any CPU.ActiveCfg = Release|Any CPU
		{D108238E-A088-44F8-B990-EE6B7D6DE18F}.Release|Any CPU.Build.0 = Release|Any CPU
		{52CE2593-D620-4899-B207-C7B5D568F887}.Debug|Any CPU.ActiveCfg = Debug|Any CPU
		{52CE2593-D620-4899-B207-C7B5D568F887}.Debug|Any CPU.Build.0 = Debug|Any CPU
		{52CE2593-D620-4899-B207-C7B5D568F887}.Release|Any CPU.ActiveCfg = Release|Any CPU
		{52CE2593-D620-4899-B207-C7B5D568F887}.Release|Any CPU.Build.0 = Release|Any CPU
		{48EC41E9-5D50-4470-9DA1-6526312CB6E4}.Debug|Any CPU.ActiveCfg = Debug|Any CPU
		{48EC41E9-5D50-4470-9DA1-6526312CB6E4}.Debug|Any CPU.Build.0 = Debug|Any CPU
		{48EC41E9-5D50-4470-9DA1-6526312CB6E4}.Release|Any CPU.ActiveCfg = Release|Any CPU
		{48EC41E9-5D50-4470-9DA1-6526312CB6E4}.Release|Any CPU.Build.0 = Release|Any CPU
		{34918141-BF9E-4C5C-9CB4-A47678288CC1}.Debug|Any CPU.ActiveCfg = Debug|Any CPU
		{34918141-BF9E-4C5C-9CB4-A47678288CC1}.Debug|Any CPU.Build.0 = Debug|Any CPU
		{34918141-BF9E-4C5C-9CB4-A47678288CC1}.Release|Any CPU.ActiveCfg = Release|Any CPU
		{34918141-BF9E-4C5C-9CB4-A47678288CC1}.Release|Any CPU.Build.0 = Release|Any CPU
		{C3C1C85C-01DB-42FB-BEB3-880B4F71A3AD}.Debug|Any CPU.ActiveCfg = Debug|Any CPU
		{C3C1C85C-01DB-42FB-BEB3-880B4F71A3AD}.Debug|Any CPU.Build.0 = Debug|Any CPU
		{C3C1C85C-01DB-42FB-BEB3-880B4F71A3AD}.Release|Any CPU.ActiveCfg = Release|Any CPU
		{C3C1C85C-01DB-42FB-BEB3-880B4F71A3AD}.Release|Any CPU.Build.0 = Release|Any CPU
		{3AE7EE00-FCB9-4CC1-A90C-EB9955513ED7}.Debug|Any CPU.ActiveCfg = Debug|Any CPU
		{3AE7EE00-FCB9-4CC1-A90C-EB9955513ED7}.Debug|Any CPU.Build.0 = Debug|Any CPU
		{3AE7EE00-FCB9-4CC1-A90C-EB9955513ED7}.Release|Any CPU.ActiveCfg = Release|Any CPU
		{3AE7EE00-FCB9-4CC1-A90C-EB9955513ED7}.Release|Any CPU.Build.0 = Release|Any CPU
		{0EB4CB80-B892-491E-A056-A50BB2A8BD35}.Debug|Any CPU.ActiveCfg = Debug|Any CPU
		{0EB4CB80-B892-491E-A056-A50BB2A8BD35}.Debug|Any CPU.Build.0 = Debug|Any CPU
		{0EB4CB80-B892-491E-A056-A50BB2A8BD35}.Release|Any CPU.ActiveCfg = Release|Any CPU
		{0EB4CB80-B892-491E-A056-A50BB2A8BD35}.Release|Any CPU.Build.0 = Release|Any CPU
		{28CC9536-D8E1-4C40-BCE5-C44EB4997136}.Debug|Any CPU.ActiveCfg = Debug|Any CPU
		{28CC9536-D8E1-4C40-BCE5-C44EB4997136}.Debug|Any CPU.Build.0 = Debug|Any CPU
		{28CC9536-D8E1-4C40-BCE5-C44EB4997136}.Release|Any CPU.ActiveCfg = Release|Any CPU
		{28CC9536-D8E1-4C40-BCE5-C44EB4997136}.Release|Any CPU.Build.0 = Release|Any CPU
		{7B990248-EB0C-4881-BA51-AB0AF121A06F}.Debug|Any CPU.ActiveCfg = Debug|Any CPU
		{7B990248-EB0C-4881-BA51-AB0AF121A06F}.Debug|Any CPU.Build.0 = Debug|Any CPU
		{7B990248-EB0C-4881-BA51-AB0AF121A06F}.Release|Any CPU.ActiveCfg = Release|Any CPU
		{7B990248-EB0C-4881-BA51-AB0AF121A06F}.Release|Any CPU.Build.0 = Release|Any CPU
		{2BB39E30-FFBF-49D9-ACED-DC863F7F19D8}.Debug|Any CPU.ActiveCfg = Debug|Any CPU
		{2BB39E30-FFBF-49D9-ACED-DC863F7F19D8}.Debug|Any CPU.Build.0 = Debug|Any CPU
		{2BB39E30-FFBF-49D9-ACED-DC863F7F19D8}.Release|Any CPU.ActiveCfg = Release|Any CPU
		{2BB39E30-FFBF-49D9-ACED-DC863F7F19D8}.Release|Any CPU.Build.0 = Release|Any CPU
		{20D28E02-CCDA-4771-A7E5-A20C8E99F036}.Debug|Any CPU.ActiveCfg = Debug|Any CPU
		{20D28E02-CCDA-4771-A7E5-A20C8E99F036}.Debug|Any CPU.Build.0 = Debug|Any CPU
		{20D28E02-CCDA-4771-A7E5-A20C8E99F036}.Release|Any CPU.ActiveCfg = Release|Any CPU
		{20D28E02-CCDA-4771-A7E5-A20C8E99F036}.Release|Any CPU.Build.0 = Release|Any CPU
		{5587AE7D-DCED-4B45-BEA9-0A45FEA79646}.Debug|Any CPU.ActiveCfg = Debug|Any CPU
		{5587AE7D-DCED-4B45-BEA9-0A45FEA79646}.Debug|Any CPU.Build.0 = Debug|Any CPU
		{5587AE7D-DCED-4B45-BEA9-0A45FEA79646}.Release|Any CPU.ActiveCfg = Release|Any CPU
		{5587AE7D-DCED-4B45-BEA9-0A45FEA79646}.Release|Any CPU.Build.0 = Release|Any CPU
		{81B0EBB7-4328-421E-B8E1-A560D83ED967}.Debug|Any CPU.ActiveCfg = Debug|Any CPU
		{81B0EBB7-4328-421E-B8E1-A560D83ED967}.Debug|Any CPU.Build.0 = Debug|Any CPU
		{81B0EBB7-4328-421E-B8E1-A560D83ED967}.Release|Any CPU.ActiveCfg = Release|Any CPU
		{81B0EBB7-4328-421E-B8E1-A560D83ED967}.Release|Any CPU.Build.0 = Release|Any CPU
		{0CA256E3-AFE7-44AF-9842-CCDF119ECE97}.Debug|Any CPU.ActiveCfg = Debug|Any CPU
		{0CA256E3-AFE7-44AF-9842-CCDF119ECE97}.Debug|Any CPU.Build.0 = Debug|Any CPU
		{0CA256E3-AFE7-44AF-9842-CCDF119ECE97}.Release|Any CPU.ActiveCfg = Release|Any CPU
		{0CA256E3-AFE7-44AF-9842-CCDF119ECE97}.Release|Any CPU.Build.0 = Release|Any CPU
		{E7BA2EBA-04DD-48F5-BF6A-9ABA0D38F6CC}.Debug|Any CPU.ActiveCfg = Debug|Any CPU
		{E7BA2EBA-04DD-48F5-BF6A-9ABA0D38F6CC}.Debug|Any CPU.Build.0 = Debug|Any CPU
		{E7BA2EBA-04DD-48F5-BF6A-9ABA0D38F6CC}.Release|Any CPU.ActiveCfg = Release|Any CPU
		{E7BA2EBA-04DD-48F5-BF6A-9ABA0D38F6CC}.Release|Any CPU.Build.0 = Release|Any CPU
		{F2C1F231-4D1A-418B-9D20-6420716B51AF}.Debug|Any CPU.ActiveCfg = Debug|Any CPU
		{F2C1F231-4D1A-418B-9D20-6420716B51AF}.Debug|Any CPU.Build.0 = Debug|Any CPU
		{F2C1F231-4D1A-418B-9D20-6420716B51AF}.Release|Any CPU.ActiveCfg = Release|Any CPU
		{F2C1F231-4D1A-418B-9D20-6420716B51AF}.Release|Any CPU.Build.0 = Release|Any CPU
		{60AF95B1-7A20-4FA4-AE6C-26C391FD7BD7}.Debug|Any CPU.ActiveCfg = Debug|Any CPU
		{60AF95B1-7A20-4FA4-AE6C-26C391FD7BD7}.Debug|Any CPU.Build.0 = Debug|Any CPU
		{60AF95B1-7A20-4FA4-AE6C-26C391FD7BD7}.Release|Any CPU.ActiveCfg = Release|Any CPU
		{60AF95B1-7A20-4FA4-AE6C-26C391FD7BD7}.Release|Any CPU.Build.0 = Release|Any CPU
		{6364E2CB-0406-4D21-B749-4FC3A9007A3E}.Debug|Any CPU.ActiveCfg = Debug|Any CPU
		{6364E2CB-0406-4D21-B749-4FC3A9007A3E}.Debug|Any CPU.Build.0 = Debug|Any CPU
		{6364E2CB-0406-4D21-B749-4FC3A9007A3E}.Release|Any CPU.ActiveCfg = Release|Any CPU
		{6364E2CB-0406-4D21-B749-4FC3A9007A3E}.Release|Any CPU.Build.0 = Release|Any CPU
		{DDCA1555-9D08-40CC-B49E-770CE3852874}.Debug|Any CPU.ActiveCfg = Debug|Any CPU
		{DDCA1555-9D08-40CC-B49E-770CE3852874}.Debug|Any CPU.Build.0 = Debug|Any CPU
		{DDCA1555-9D08-40CC-B49E-770CE3852874}.Release|Any CPU.ActiveCfg = Release|Any CPU
		{DDCA1555-9D08-40CC-B49E-770CE3852874}.Release|Any CPU.Build.0 = Release|Any CPU
		{D92512E3-C4A4-484A-B42A-A629CCA2E4B7}.Debug|Any CPU.ActiveCfg = Debug|Any CPU
		{D92512E3-C4A4-484A-B42A-A629CCA2E4B7}.Debug|Any CPU.Build.0 = Debug|Any CPU
		{D92512E3-C4A4-484A-B42A-A629CCA2E4B7}.Release|Any CPU.ActiveCfg = Release|Any CPU
		{D92512E3-C4A4-484A-B42A-A629CCA2E4B7}.Release|Any CPU.Build.0 = Release|Any CPU
		{692568DE-6402-437B-A78D-4266AC581C08}.Debug|Any CPU.ActiveCfg = Debug|Any CPU
		{692568DE-6402-437B-A78D-4266AC581C08}.Debug|Any CPU.Build.0 = Debug|Any CPU
		{692568DE-6402-437B-A78D-4266AC581C08}.Release|Any CPU.ActiveCfg = Release|Any CPU
		{692568DE-6402-437B-A78D-4266AC581C08}.Release|Any CPU.Build.0 = Release|Any CPU
	EndGlobalSection
	GlobalSection(SolutionProperties) = preSolution
		HideSolutionNode = FALSE
	EndGlobalSection
	GlobalSection(NestedProjects) = preSolution
		{C2FA98B6-E45F-45FD-BD07-09196B8B5F4A} = {AAE283DA-D917-4B9E-8129-3C196FF25D57}
		{E1C428A6-F4C9-45F0-A830-5B9D7EBCCCD0} = {C2FA98B6-E45F-45FD-BD07-09196B8B5F4A}
		{C3C61967-1CFC-46FA-9A1F-46FC60AE4039} = {C2FA98B6-E45F-45FD-BD07-09196B8B5F4A}
		{19BE1397-F5E5-4A63-80F4-D280ED823090} = {C2FA98B6-E45F-45FD-BD07-09196B8B5F4A}
		{E4F63D28-25E8-4B88-B524-0D857D214C43} = {C2FA98B6-E45F-45FD-BD07-09196B8B5F4A}
		{A185878E-163A-4C6A-9ED9-1375BD059000} = {AAE283DA-D917-4B9E-8129-3C196FF25D57}
		{AA8EFE2B-5BA9-45A5-BECC-853B4D43A9B6} = {AAE283DA-D917-4B9E-8129-3C196FF25D57}
		{02506A62-B06E-45B5-8794-1F6322114352} = {AAE283DA-D917-4B9E-8129-3C196FF25D57}
		{50D55901-23B3-420F-B036-9126D0BCA987} = {AAE283DA-D917-4B9E-8129-3C196FF25D57}
		{EBADADC9-A4B7-4BC3-836A-136F77D7A124} = {AAE283DA-D917-4B9E-8129-3C196FF25D57}
		{583C0701-AFD1-4A36-BBCB-664E84190E38} = {AAE283DA-D917-4B9E-8129-3C196FF25D57}
		{951AC0EC-6C7B-4300-85C4-25306D3D982F} = {AAE283DA-D917-4B9E-8129-3C196FF25D57}
		{4F161982-47C7-4A11-8C3D-6272EFBB90F0} = {A185878E-163A-4C6A-9ED9-1375BD059000}
		{DE9CE074-3F2D-4161-A703-8D3B432A9ACA} = {A185878E-163A-4C6A-9ED9-1375BD059000}
		{9AEDA48F-F083-4EBA-B442-A3EE3E4509F5} = {A185878E-163A-4C6A-9ED9-1375BD059000}
		{C2B89EC3-F720-41C5-BD67-769ECBB06D0B} = {A185878E-163A-4C6A-9ED9-1375BD059000}
		{A60A107A-3709-423F-91BF-FE5AF936A46F} = {A185878E-163A-4C6A-9ED9-1375BD059000}
		{A1B10967-CCCE-430A-AD7B-3A1320CBABBE} = {A185878E-163A-4C6A-9ED9-1375BD059000}
		{61147392-BD34-4BE9-89CA-FA350F95958D} = {A185878E-163A-4C6A-9ED9-1375BD059000}
		{38CBBC6E-CFBA-41D1-A857-920253D5CBD4} = {A185878E-163A-4C6A-9ED9-1375BD059000}
		{A9D75083-1DA1-4E27-A7DD-766B0D24CDA6} = {A185878E-163A-4C6A-9ED9-1375BD059000}
		{69B945EC-2C9F-42A1-9A23-47CF35F01EF4} = {A185878E-163A-4C6A-9ED9-1375BD059000}
		{639B7AE6-F278-44AF-8492-427D3B28EDBC} = {A185878E-163A-4C6A-9ED9-1375BD059000}
		{55D841E9-26B7-4274-A149-30E5A384352C} = {A185878E-163A-4C6A-9ED9-1375BD059000}
		{2943D511-37DC-4308-856C-44215B239ADA} = {A185878E-163A-4C6A-9ED9-1375BD059000}
		{92AD4E16-335F-4A0F-9D23-EBC13B9777BB} = {AA8EFE2B-5BA9-45A5-BECC-853B4D43A9B6}
		{25687215-25F2-4A77-8640-30D9A8577B25} = {AA8EFE2B-5BA9-45A5-BECC-853B4D43A9B6}
		{419A9DF8-3466-44F7-8178-1EFFACDAA39A} = {AA8EFE2B-5BA9-45A5-BECC-853B4D43A9B6}
		{8ED50F64-7E8B-4505-9D77-FFEE99376B62} = {AA8EFE2B-5BA9-45A5-BECC-853B4D43A9B6}
		{BDC8AE43-684E-4BB9-B739-E8ABB7FAE45A} = {AA8EFE2B-5BA9-45A5-BECC-853B4D43A9B6}
		{B5162E74-43B6-48D5-A87C-8ECCACDD74AA} = {AA8EFE2B-5BA9-45A5-BECC-853B4D43A9B6}
		{C384D5D1-B4B0-482A-97E2-CB1BD1F3042B} = {AA8EFE2B-5BA9-45A5-BECC-853B4D43A9B6}
		{C562A189-2241-476D-8822-0AB8185021B6} = {AA8EFE2B-5BA9-45A5-BECC-853B4D43A9B6}
		{B0431B47-C60E-42C2-A7DD-3FE6F55C24A4} = {AA8EFE2B-5BA9-45A5-BECC-853B4D43A9B6}
		{60ACD69C-A1B8-46FC-980C-64867CB25167} = {AA8EFE2B-5BA9-45A5-BECC-853B4D43A9B6}
		{3B5C2094-0893-4517-9736-82BA094C1E8F} = {AA8EFE2B-5BA9-45A5-BECC-853B4D43A9B6}
		{53F75931-00FC-431F-B10C-8A55FCBED1E7} = {AA8EFE2B-5BA9-45A5-BECC-853B4D43A9B6}
		{1C1F49BE-7356-4772-86FA-DA474A2B18D2} = {AA8EFE2B-5BA9-45A5-BECC-853B4D43A9B6}
		{2740677D-E087-425E-8F80-038B2A75B7AD} = {AA8EFE2B-5BA9-45A5-BECC-853B4D43A9B6}
		{E86FCEF8-A7EB-4F7F-9AB8-BA76025FB818} = {AA8EFE2B-5BA9-45A5-BECC-853B4D43A9B6}
		{F2F66D28-AC35-4075-B14E-D7379AF7CDFF} = {AA8EFE2B-5BA9-45A5-BECC-853B4D43A9B6}
		{5355DCC2-3CC1-4E29-9218-AD462A62B3F1} = {AA8EFE2B-5BA9-45A5-BECC-853B4D43A9B6}
		{95009A25-C38C-4127-8085-7B59CADF567A} = {AA8EFE2B-5BA9-45A5-BECC-853B4D43A9B6}
		{A376C8B7-C87E-40CD-98F2-1A4BF8C4044F} = {AA8EFE2B-5BA9-45A5-BECC-853B4D43A9B6}
		{26F76FED-FFC1-431E-9EF3-18840C59E284} = {AA8EFE2B-5BA9-45A5-BECC-853B4D43A9B6}
		{C88647C0-D6B2-49FA-99BA-BA8C9F37DC96} = {AA8EFE2B-5BA9-45A5-BECC-853B4D43A9B6}
		{59177CE0-6DEE-41BF-A581-1C70C7F71C2F} = {AA8EFE2B-5BA9-45A5-BECC-853B4D43A9B6}
		{33F189B3-7929-4C29-A71B-059EF99D0B76} = {AA8EFE2B-5BA9-45A5-BECC-853B4D43A9B6}
		{854438F1-0098-4683-8CC9-EFF90AA28EBF} = {AA8EFE2B-5BA9-45A5-BECC-853B4D43A9B6}
		{869F5228-CEAB-4468-9EB7-CEF81E3CEC13} = {AA8EFE2B-5BA9-45A5-BECC-853B4D43A9B6}
		{F718D8F2-DA2F-4067-A05A-C9FAFFA7C88B} = {02506A62-B06E-45B5-8794-1F6322114352}
		{725F9388-F6FA-44C0-AE54-3D041F2B4A5F} = {02506A62-B06E-45B5-8794-1F6322114352}
		{DF3ACA36-0966-46F3-8438-A3697C916185} = {02506A62-B06E-45B5-8794-1F6322114352}
		{6591E628-14F9-4C99-A2B3-F405C0A789BC} = {02506A62-B06E-45B5-8794-1F6322114352}
		{25863CDD-3230-4C24-AB6B-F34B3BD54D3A} = {02506A62-B06E-45B5-8794-1F6322114352}
		{2B69EC0F-7059-4CCB-A5AE-1402822D0F31} = {02506A62-B06E-45B5-8794-1F6322114352}
		{2EDAAFBE-132A-4DF3-A667-D16EBA5390D1} = {50D55901-23B3-420F-B036-9126D0BCA987}
		{A2CF85E4-5EE9-43CB-A502-13AF6F193989} = {50D55901-23B3-420F-B036-9126D0BCA987}
		{109B5A15-F0C8-4D80-819C-EBFAF1ED4817} = {50D55901-23B3-420F-B036-9126D0BCA987}
		{5AD27B4B-2D62-4763-87C9-CF1A66E81DCF} = {50D55901-23B3-420F-B036-9126D0BCA987}
		{D108238E-A088-44F8-B990-EE6B7D6DE18F} = {50D55901-23B3-420F-B036-9126D0BCA987}
		{52CE2593-D620-4899-B207-C7B5D568F887} = {50D55901-23B3-420F-B036-9126D0BCA987}
		{48EC41E9-5D50-4470-9DA1-6526312CB6E4} = {50D55901-23B3-420F-B036-9126D0BCA987}
		{34918141-BF9E-4C5C-9CB4-A47678288CC1} = {50D55901-23B3-420F-B036-9126D0BCA987}
		{C3C1C85C-01DB-42FB-BEB3-880B4F71A3AD} = {50D55901-23B3-420F-B036-9126D0BCA987}
		{3AE7EE00-FCB9-4CC1-A90C-EB9955513ED7} = {50D55901-23B3-420F-B036-9126D0BCA987}
		{0EB4CB80-B892-491E-A056-A50BB2A8BD35} = {50D55901-23B3-420F-B036-9126D0BCA987}
		{5C8EBB57-8826-42EB-9FBF-DA203D9491CF} = {EBADADC9-A4B7-4BC3-836A-136F77D7A124}
		{28CC9536-D8E1-4C40-BCE5-C44EB4997136} = {EBADADC9-A4B7-4BC3-836A-136F77D7A124}
		{7B990248-EB0C-4881-BA51-AB0AF121A06F} = {EBADADC9-A4B7-4BC3-836A-136F77D7A124}
		{2BB39E30-FFBF-49D9-ACED-DC863F7F19D8} = {EBADADC9-A4B7-4BC3-836A-136F77D7A124}
		{20D28E02-CCDA-4771-A7E5-A20C8E99F036} = {EBADADC9-A4B7-4BC3-836A-136F77D7A124}
		{5587AE7D-DCED-4B45-BEA9-0A45FEA79646} = {EBADADC9-A4B7-4BC3-836A-136F77D7A124}
		{81B0EBB7-4328-421E-B8E1-A560D83ED967} = {EBADADC9-A4B7-4BC3-836A-136F77D7A124}
		{0CA256E3-AFE7-44AF-9842-CCDF119ECE97} = {EBADADC9-A4B7-4BC3-836A-136F77D7A124}
		{E7BA2EBA-04DD-48F5-BF6A-9ABA0D38F6CC} = {EBADADC9-A4B7-4BC3-836A-136F77D7A124}
		{F2C1F231-4D1A-418B-9D20-6420716B51AF} = {EBADADC9-A4B7-4BC3-836A-136F77D7A124}
		{60AF95B1-7A20-4FA4-AE6C-26C391FD7BD7} = {EBADADC9-A4B7-4BC3-836A-136F77D7A124}
		{6364E2CB-0406-4D21-B749-4FC3A9007A3E} = {EBADADC9-A4B7-4BC3-836A-136F77D7A124}
		{DDCA1555-9D08-40CC-B49E-770CE3852874} = {EBADADC9-A4B7-4BC3-836A-136F77D7A124}
		{D92512E3-C4A4-484A-B42A-A629CCA2E4B7} = {583C0701-AFD1-4A36-BBCB-664E84190E38}
		{692568DE-6402-437B-A78D-4266AC581C08} = {583C0701-AFD1-4A36-BBCB-664E84190E38}
	EndGlobalSection
	GlobalSection(ExtensibilityGlobals) = postSolution
		SolutionGuid = {C7410806-39C5-4726-B62D-3779CE2F3A10}
	EndGlobalSection
EndGlobal
